<?xml version="1.0" encoding="utf-8"?>
<Project ToolsVersion="4.0" xmlns="http://schemas.microsoft.com/developer/msbuild/2003">
  <ItemGroup>
    <Filter Include="main">
      <UniqueIdentifier>{58c92d81-dfca-4b59-a639-d85b46b85dd7}</UniqueIdentifier>
    </Filter>
    <Filter Include="GameEngine">
      <UniqueIdentifier>{7bac74fa-1f81-4a83-94a5-cbe94d7cf3c9}</UniqueIdentifier>
    </Filter>
    <Filter Include="GameStage">
      <UniqueIdentifier>{8572d3d7-b22d-4b05-b7f6-1ec8bb683085}</UniqueIdentifier>
    </Filter>
    <Filter Include="Renderer">
      <UniqueIdentifier>{a5f5c314-d84d-4397-9c06-09b79011e268}</UniqueIdentifier>
    </Filter>
    <Filter Include="GameStage\Game">
      <UniqueIdentifier>{fc8bc0a3-8553-4684-8922-b808571b5335}</UniqueIdentifier>
    </Filter>
    <Filter Include="Utils">
      <UniqueIdentifier>{69b0c1c9-cb4d-4469-8e3a-440ae9905819}</UniqueIdentifier>
    </Filter>
    <Filter Include="File">
      <UniqueIdentifier>{a676921e-0ceb-48df-9147-ddca788bb921}</UniqueIdentifier>
    </Filter>
  </ItemGroup>
  <ItemGroup>
    <ClCompile Include="main.cpp">
      <Filter>main</Filter>
    </ClCompile>
    <ClCompile Include="GameEngine.cpp">
      <Filter>GameEngine</Filter>
    </ClCompile>
    <ClCompile Include="GameStage.cpp">
      <Filter>GameStage</Filter>
    </ClCompile>
    <ClCompile Include="Renderer.cpp">
      <Filter>Renderer</Filter>
    </ClCompile>
    <ClCompile Include="Game.cpp">
      <Filter>GameStage\Game</Filter>
    </ClCompile>
    <ClCompile Include="Utility.cpp">
      <Filter>Utils</Filter>
    </ClCompile>
    <ClCompile Include="FrameRate.cpp">
      <Filter>Utils</Filter>
    </ClCompile>
    <ClCompile Include="File.cpp">
      <Filter>File</Filter>
    </ClCompile>
  </ItemGroup>
  <ItemGroup>
    <ClInclude Include="GameEngine.h">
      <Filter>GameEngine</Filter>
    </ClInclude>
    <ClInclude Include="GameStage.h">
      <Filter>GameStage</Filter>
    </ClInclude>
    <ClInclude Include="Renderer.h">
      <Filter>Renderer</Filter>
    </ClInclude>
    <ClInclude Include="Game.h">
      <Filter>GameStage\Game</Filter>
    </ClInclude>
    <ClInclude Include="Utility.h">
      <Filter>Utils</Filter>
    </ClInclude>
    <ClInclude Include="FrameRate.h">
      <Filter>Utils</Filter>
    </ClInclude>
    <ClInclude Include="File.h">
      <Filter>File</Filter>
    </ClInclude>
  </ItemGroup>
</Project>